
Microsoft Visual Studio Solution File, Format Version 12.00
# Visual Studio Version 16
VisualStudioVersion = 16.0.31005.135
MinimumVisualStudioVersion = 10.0.40219.1
Project("{FAE04EC0-301F-11D3-BF4B-00C04F79EFBC}") = "CompanyComuter1", "CompanyComuter1\CompanyComuter1.csproj", "{19FA9890-0804-4D42-A49C-E1C4B91ACD70}"
EndProject
Global
	GlobalSection(SolutionConfigurationPlatforms) = preSolution
		Debug|Any CPU = Debug|Any CPU
		Release|Any CPU = Release|Any CPU
	EndGlobalSection
	GlobalSection(ProjectConfigurationPlatforms) = postSolution
		{19FA9890-0804-4D42-A49C-E1C4B91ACD70}.Debug|Any CPU.ActiveCfg = Debug|Any CPU
		{19FA9890-0804-4D42-A49C-E1C4B91ACD70}.Debug|Any CPU.Build.0 = Debug|Any CPU
		{19FA9890-0804-4D42-A49C-E1C4B91ACD70}.Release|Any CPU.ActiveCfg = Release|Any CPU
		{19FA9890-0804-4D42-A49C-E1C4B91ACD70}.Release|Any CPU.Build.0 = Release|Any CPU
	EndGlobalSection
	GlobalSection(SolutionProperties) = preSolution
		HideSolutionNode = FALSE
	EndGlobalSection
	GlobalSection(ExtensibilityGlobals) = postSolution
		SolutionGuid = {81F2DA73-6639-4E78-B1C8-47D249C2028B}
	EndGlobalSection
EndGlobal
